
Microsoft Visual Studio Solution File, Format Version 12.00
# Visual Studio 2013
VisualStudioVersion = 12.0.31101.0
MinimumVisualStudioVersion = 10.0.40219.1
Project("{888888A0-9F3D-457C-B088-3A5042F75D52}") = "radar_certificate", "radar_certificate\radar_certificate.pyproj", "{93A07E29-CF86-407C-B6F0-15B2B97B91D0}"
EndProject
Global
	GlobalSection(SolutionConfigurationPlatforms) = preSolution
		Debug|Any CPU = Debug|Any CPU
		Release|Any CPU = Release|Any CPU
	EndGlobalSection
	GlobalSection(ProjectConfigurationPlatforms) = postSolution
		{93A07E29-CF86-407C-B6F0-15B2B97B91D0}.Debug|Any CPU.ActiveCfg = Debug|Any CPU
		{93A07E29-CF86-407C-B6F0-15B2B97B91D0}.Debug|Any CPU.Build.0 = Debug|Any CPU
		{93A07E29-CF86-407C-B6F0-15B2B97B91D0}.Release|Any CPU.ActiveCfg = Release|Any CPU
	EndGlobalSection
	GlobalSection(SolutionProperties) = preSolution
		HideSolutionNode = FALSE
	EndGlobalSection
EndGlobal
